
Microsoft Visual Studio Solution File, Format Version 12.00
# Visual Studio 15
VisualStudioVersion = 15.0.28307.329
MinimumVisualStudioVersion = 10.0.40219.1
Project("{FAE04EC0-301F-11D3-BF4B-00C04F79EFBC}") = "Graphics", "Graphics\Graphics.csproj", "{96E82BAB-E941-4B50-AAF6-5D938846E028}"
EndProject
Global
	GlobalSection(SolutionConfigurationPlatforms) = preSolution
		Debug|Any CPU = Debug|Any CPU
		Release|Any CPU = Release|Any CPU
	EndGlobalSection
	GlobalSection(ProjectConfigurationPlatforms) = postSolution
		{96E82BAB-E941-4B50-AAF6-5D938846E028}.Debug|Any CPU.ActiveCfg = Debug|Any CPU
		{96E82BAB-E941-4B50-AAF6-5D938846E028}.Debug|Any CPU.Build.0 = Debug|Any CPU
		{96E82BAB-E941-4B50-AAF6-5D938846E028}.Release|Any CPU.ActiveCfg = Release|Any CPU
		{96E82BAB-E941-4B50-AAF6-5D938846E028}.Release|Any CPU.Build.0 = Release|Any CPU
	EndGlobalSection
	GlobalSection(SolutionProperties) = preSolution
		HideSolutionNode = FALSE
	EndGlobalSection
	GlobalSection(ExtensibilityGlobals) = postSolution
		SolutionGuid = {2DBD22ED-8BE9-42CF-982C-02359035304C}
	EndGlobalSection
EndGlobal
