
Microsoft Visual Studio Solution File, Format Version 12.00
# Visual Studio 15
VisualStudioVersion = 15.0.28307.329
MinimumVisualStudioVersion = 10.0.40219.1
Project("{FAE04EC0-301F-11D3-BF4B-00C04F79EFBC}") = "ConsoleApp4", "ConsoleApp4\ConsoleApp4.csproj", "{7B7A0BE0-2A5A-46D1-BFDA-3E6B412F60CD}"
EndProject
Global
	GlobalSection(SolutionConfigurationPlatforms) = preSolution
		Debug|Any CPU = Debug|Any CPU
		Release|Any CPU = Release|Any CPU
	EndGlobalSection
	GlobalSection(ProjectConfigurationPlatforms) = postSolution
		{7B7A0BE0-2A5A-46D1-BFDA-3E6B412F60CD}.Debug|Any CPU.ActiveCfg = Debug|Any CPU
		{7B7A0BE0-2A5A-46D1-BFDA-3E6B412F60CD}.Debug|Any CPU.Build.0 = Debug|Any CPU
		{7B7A0BE0-2A5A-46D1-BFDA-3E6B412F60CD}.Release|Any CPU.ActiveCfg = Release|Any CPU
		{7B7A0BE0-2A5A-46D1-BFDA-3E6B412F60CD}.Release|Any CPU.Build.0 = Release|Any CPU
	EndGlobalSection
	GlobalSection(SolutionProperties) = preSolution
		HideSolutionNode = FALSE
	EndGlobalSection
	GlobalSection(ExtensibilityGlobals) = postSolution
		SolutionGuid = {D17336DE-5BC4-4728-B9BD-03B527512142}
	EndGlobalSection
EndGlobal
