
Microsoft Visual Studio Solution File, Format Version 12.00
# Visual Studio 15
VisualStudioVersion = 15.0.28307.329
MinimumVisualStudioVersion = 10.0.40219.1
Project("{FAE04EC0-301F-11D3-BF4B-00C04F79EFBC}") = "TASK1", "TASK1\TASK1.csproj", "{29E210AC-5C70-4149-A2DC-2C8A9283A16E}"
EndProject
Global
	GlobalSection(SolutionConfigurationPlatforms) = preSolution
		Debug|Any CPU = Debug|Any CPU
		Release|Any CPU = Release|Any CPU
	EndGlobalSection
	GlobalSection(ProjectConfigurationPlatforms) = postSolution
		{29E210AC-5C70-4149-A2DC-2C8A9283A16E}.Debug|Any CPU.ActiveCfg = Debug|Any CPU
		{29E210AC-5C70-4149-A2DC-2C8A9283A16E}.Debug|Any CPU.Build.0 = Debug|Any CPU
		{29E210AC-5C70-4149-A2DC-2C8A9283A16E}.Release|Any CPU.ActiveCfg = Release|Any CPU
		{29E210AC-5C70-4149-A2DC-2C8A9283A16E}.Release|Any CPU.Build.0 = Release|Any CPU
	EndGlobalSection
	GlobalSection(SolutionProperties) = preSolution
		HideSolutionNode = FALSE
	EndGlobalSection
	GlobalSection(ExtensibilityGlobals) = postSolution
		SolutionGuid = {4C0586D3-BFF5-4271-9292-026CDB88BD2A}
	EndGlobalSection
EndGlobal
